
Microsoft Visual Studio Solution File, Format Version 12.00
# Visual Studio Version 17
VisualStudioVersion = 17.5.002.0
MinimumVisualStudioVersion = 10.0.40219.1
Project("{9A19103F-16F7-4668-BE54-9A1E7A4F7556}") = "WPS", "WPS.csproj", "{53EEDD40-0FB0-45CA-9236-3E073367ECCC}"
EndProject
Global
	GlobalSection(SolutionConfigurationPlatforms) = preSolution
		Debug|Any CPU = Debug|Any CPU
		Release|Any CPU = Release|Any CPU
	EndGlobalSection
	GlobalSection(ProjectConfigurationPlatforms) = postSolution
		{53EEDD40-0FB0-45CA-9236-3E073367ECCC}.Debug|Any CPU.ActiveCfg = Debug|Any CPU
		{53EEDD40-0FB0-45CA-9236-3E073367ECCC}.Debug|Any CPU.Build.0 = Debug|Any CPU
		{53EEDD40-0FB0-45CA-9236-3E073367ECCC}.Release|Any CPU.ActiveCfg = Release|Any CPU
		{53EEDD40-0FB0-45CA-9236-3E073367ECCC}.Release|Any CPU.Build.0 = Release|Any CPU
	EndGlobalSection
	GlobalSection(SolutionProperties) = preSolution
		HideSolutionNode = FALSE
	EndGlobalSection
	GlobalSection(ExtensibilityGlobals) = postSolution
		SolutionGuid = {664CE1CC-2515-4F1D-A09E-08B477993F9B}
	EndGlobalSection
EndGlobal
